// !$*UTF8*$!
{
	archiveVersion = 1;
	classes = {
	};
	objectVersion = 77;
	objects = {

/* Begin PBXBuildFile section */
		26939F5A2D10800200428C45 /* iOS-BLE-Library in Frameworks */ = {isa = PBXBuildFile; productRef = 26939F592D10800200428C45 /* iOS-BLE-Library */; };
		26939F5C2D10800200428C45 /* iOS-BLE-Library-Mock in Frameworks */ = {isa = PBXBuildFile; productRef = 26939F5B2D10800200428C45 /* iOS-BLE-Library-Mock */; };
/* End PBXBuildFile section */

/* Begin PBXContainerItemProxy section */
		266BD0E62D133EAA00975C55 /* PBXContainerItemProxy */ = {
			isa = PBXContainerItemProxy;
			containerPortal = 26A86CF82D1036CE00B32DA1 /* Project object */;
			proxyType = 1;
			remoteGlobalIDString = 266BD0D32D133EA600975C55;
			remoteInfo = Datacollection;
		};
		266BD0F02D133EAA00975C55 /* PBXContainerItemProxy */ = {
			isa = PBXContainerItemProxy;
			containerPortal = 26A86CF82D1036CE00B32DA1 /* Project object */;
			proxyType = 1;
			remoteGlobalIDString = 266BD0D32D133EA600975C55;
			remoteInfo = Datacollection;
		};
		26A86D152D1036D100B32DA1 /* PBXContainerItemProxy */ = {
			isa = PBXContainerItemProxy;
			containerPortal = 26A86CF82D1036CE00B32DA1 /* Project object */;
			proxyType = 1;
			remoteGlobalIDString = 26A86CFF2D1036CE00B32DA1;
			remoteInfo = "Data-Collection";
		};
		26A86D1F2D1036D100B32DA1 /* PBXContainerItemProxy */ = {
			isa = PBXContainerItemProxy;
			containerPortal = 26A86CF82D1036CE00B32DA1 /* Project object */;
			proxyType = 1;
			remoteGlobalIDString = 26A86CFF2D1036CE00B32DA1;
			remoteInfo = "Data-Collection";
		};
/* End PBXContainerItemProxy section */

/* Begin PBXFileReference section */
		266BD0D42D133EA600975C55 /* Datacollection.app */ = {isa = PBXFileReference; explicitFileType = wrapper.application; includeInIndex = 0; path = Datacollection.app; sourceTree = BUILT_PRODUCTS_DIR; };
		266BD0E52D133EAA00975C55 /* DatacollectionTests.xctest */ = {isa = PBXFileReference; explicitFileType = wrapper.cfbundle; includeInIndex = 0; path = DatacollectionTests.xctest; sourceTree = BUILT_PRODUCTS_DIR; };
		266BD0EF2D133EAA00975C55 /* DatacollectionUITests.xctest */ = {isa = PBXFileReference; explicitFileType = wrapper.cfbundle; includeInIndex = 0; path = DatacollectionUITests.xctest; sourceTree = BUILT_PRODUCTS_DIR; };
		26A86D002D1036CE00B32DA1 /* Data-Collection.app */ = {isa = PBXFileReference; explicitFileType = wrapper.application; includeInIndex = 0; path = "Data-Collection.app"; sourceTree = BUILT_PRODUCTS_DIR; };
		26A86D142D1036D100B32DA1 /* Data-CollectionTests.xctest */ = {isa = PBXFileReference; explicitFileType = wrapper.cfbundle; includeInIndex = 0; path = "Data-CollectionTests.xctest"; sourceTree = BUILT_PRODUCTS_DIR; };
		26A86D1E2D1036D100B32DA1 /* Data-CollectionUITests.xctest */ = {isa = PBXFileReference; explicitFileType = wrapper.cfbundle; includeInIndex = 0; path = "Data-CollectionUITests.xctest"; sourceTree = BUILT_PRODUCTS_DIR; };
/* End PBXFileReference section */

/* Begin PBXFileSystemSynchronizedBuildFileExceptionSet section */
		26A86D262D1036D100B32DA1 /* Exceptions for "Data-Collection" folder in "Data-Collection" target */ = {
			isa = PBXFileSystemSynchronizedBuildFileExceptionSet;
			membershipExceptions = (
				Info.plist,
			);
			target = 26A86CFF2D1036CE00B32DA1 /* Data-Collection */;
		};
/* End PBXFileSystemSynchronizedBuildFileExceptionSet section */

/* Begin PBXFileSystemSynchronizedRootGroup section */
		26A86D022D1036CE00B32DA1 /* Data-Collection */ = {
			isa = PBXFileSystemSynchronizedRootGroup;
			exceptions = (
				26A86D262D1036D100B32DA1 /* Exceptions for "Data-Collection" folder in "Data-Collection" target */,
			);
			path = "Data-Collection";
			sourceTree = "<group>";
		};
		26A86D172D1036D100B32DA1 /* Data-CollectionTests */ = {
			isa = PBXFileSystemSynchronizedRootGroup;
			path = "Data-CollectionTests";
			sourceTree = "<group>";
		};
		26A86D212D1036D100B32DA1 /* Data-CollectionUITests */ = {
			isa = PBXFileSystemSynchronizedRootGroup;
			path = "Data-CollectionUITests";
			sourceTree = "<group>";
		};
/* End PBXFileSystemSynchronizedRootGroup section */

/* Begin PBXFrameworksBuildPhase section */
		266BD0D12D133EA600975C55 /* Frameworks */ = {
			isa = PBXFrameworksBuildPhase;
			buildActionMask = 2147483647;
			files = (
			);
			runOnlyForDeploymentPostprocessing = 0;
		};
		266BD0E22D133EAA00975C55 /* Frameworks */ = {
			isa = PBXFrameworksBuildPhase;
			buildActionMask = 2147483647;
			files = (
			);
			runOnlyForDeploymentPostprocessing = 0;
		};
		266BD0EC2D133EAA00975C55 /* Frameworks */ = {
			isa = PBXFrameworksBuildPhase;
			buildActionMask = 2147483647;
			files = (
			);
			runOnlyForDeploymentPostprocessing = 0;
		};
		26A86CFD2D1036CE00B32DA1 /* Frameworks */ = {
			isa = PBXFrameworksBuildPhase;
			buildActionMask = 2147483647;
			files = (
				26939F5C2D10800200428C45 /* iOS-BLE-Library-Mock in Frameworks */,
				26939F5A2D10800200428C45 /* iOS-BLE-Library in Frameworks */,
			);
			runOnlyForDeploymentPostprocessing = 0;
		};
		26A86D112D1036D100B32DA1 /* Frameworks */ = {
			isa = PBXFrameworksBuildPhase;
			buildActionMask = 2147483647;
			files = (
			);
			runOnlyForDeploymentPostprocessing = 0;
		};
		26A86D1B2D1036D100B32DA1 /* Frameworks */ = {
			isa = PBXFrameworksBuildPhase;
			buildActionMask = 2147483647;
			files = (
			);
			runOnlyForDeploymentPostprocessing = 0;
		};
/* End PBXFrameworksBuildPhase section */

/* Begin PBXGroup section */
		26A86CF72D1036CE00B32DA1 = {
			isa = PBXGroup;
			children = (
				26A86D022D1036CE00B32DA1 /* Data-Collection */,
				26A86D172D1036D100B32DA1 /* Data-CollectionTests */,
				26A86D212D1036D100B32DA1 /* Data-CollectionUITests */,
				26A86D012D1036CE00B32DA1 /* Products */,
			);
			sourceTree = "<group>";
		};
		26A86D012D1036CE00B32DA1 /* Products */ = {
			isa = PBXGroup;
			children = (
				26A86D002D1036CE00B32DA1 /* Data-Collection.app */,
				26A86D142D1036D100B32DA1 /* Data-CollectionTests.xctest */,
				26A86D1E2D1036D100B32DA1 /* Data-CollectionUITests.xctest */,
				266BD0D42D133EA600975C55 /* Datacollection.app */,
				266BD0E52D133EAA00975C55 /* DatacollectionTests.xctest */,
				266BD0EF2D133EAA00975C55 /* DatacollectionUITests.xctest */,
			);
			name = Products;
			sourceTree = "<group>";
		};
/* End PBXGroup section */

/* Begin PBXNativeTarget section */
		266BD0D32D133EA600975C55 /* Datacollection */ = {
			isa = PBXNativeTarget;
			buildConfigurationList = 266BD0F72D133EAA00975C55 /* Build configuration list for PBXNativeTarget "Datacollection" */;
			buildPhases = (
				266BD0D02D133EA600975C55 /* Sources */,
				266BD0D12D133EA600975C55 /* Frameworks */,
				266BD0D22D133EA600975C55 /* Resources */,
			);
			buildRules = (
			);
			dependencies = (
			);
			name = Datacollection;
			packageProductDependencies = (
			);
			productName = Datacollection;
			productReference = 266BD0D42D133EA600975C55 /* Datacollection.app */;
			productType = "com.apple.product-type.application";
		};
		266BD0E42D133EAA00975C55 /* DatacollectionTests */ = {
			isa = PBXNativeTarget;
			buildConfigurationList = 266BD0FA2D133EAA00975C55 /* Build configuration list for PBXNativeTarget "DatacollectionTests" */;
			buildPhases = (
				266BD0E12D133EAA00975C55 /* Sources */,
				266BD0E22D133EAA00975C55 /* Frameworks */,
				266BD0E32D133EAA00975C55 /* Resources */,
			);
			buildRules = (
			);
			dependencies = (
				266BD0E72D133EAA00975C55 /* PBXTargetDependency */,
			);
			name = DatacollectionTests;
			packageProductDependencies = (
			);
			productName = DatacollectionTests;
			productReference = 266BD0E52D133EAA00975C55 /* DatacollectionTests.xctest */;
			productType = "com.apple.product-type.bundle.unit-test";
		};
		266BD0EE2D133EAA00975C55 /* DatacollectionUITests */ = {
			isa = PBXNativeTarget;
			buildConfigurationList = 266BD0FD2D133EAA00975C55 /* Build configuration list for PBXNativeTarget "DatacollectionUITests" */;
			buildPhases = (
				266BD0EB2D133EAA00975C55 /* Sources */,
				266BD0EC2D133EAA00975C55 /* Frameworks */,
				266BD0ED2D133EAA00975C55 /* Resources */,
			);
			buildRules = (
			);
			dependencies = (
				266BD0F12D133EAA00975C55 /* PBXTargetDependency */,
			);
			name = DatacollectionUITests;
			packageProductDependencies = (
			);
			productName = DatacollectionUITests;
			productReference = 266BD0EF2D133EAA00975C55 /* DatacollectionUITests.xctest */;
			productType = "com.apple.product-type.bundle.ui-testing";
		};
		26A86CFF2D1036CE00B32DA1 /* Data-Collection */ = {
			isa = PBXNativeTarget;
			buildConfigurationList = 26A86D272D1036D100B32DA1 /* Build configuration list for PBXNativeTarget "Data-Collection" */;
			buildPhases = (
				26A86CFC2D1036CE00B32DA1 /* Sources */,
				26A86CFD2D1036CE00B32DA1 /* Frameworks */,
				26A86CFE2D1036CE00B32DA1 /* Resources */,
			);
			buildRules = (
			);
			dependencies = (
			);
			fileSystemSynchronizedGroups = (
				26A86D022D1036CE00B32DA1 /* Data-Collection */,
			);
			name = "Data-Collection";
			packageProductDependencies = (
				26939F592D10800200428C45 /* iOS-BLE-Library */,
				26939F5B2D10800200428C45 /* iOS-BLE-Library-Mock */,
			);
			productName = "Data-Collection";
			productReference = 26A86D002D1036CE00B32DA1 /* Data-Collection.app */;
			productType = "com.apple.product-type.application";
		};
		26A86D132D1036D100B32DA1 /* Data-CollectionTests */ = {
			isa = PBXNativeTarget;
			buildConfigurationList = 26A86D2C2D1036D100B32DA1 /* Build configuration list for PBXNativeTarget "Data-CollectionTests" */;
			buildPhases = (
				26A86D102D1036D100B32DA1 /* Sources */,
				26A86D112D1036D100B32DA1 /* Frameworks */,
				26A86D122D1036D100B32DA1 /* Resources */,
			);
			buildRules = (
			);
			dependencies = (
				26A86D162D1036D100B32DA1 /* PBXTargetDependency */,
			);
			fileSystemSynchronizedGroups = (
				26A86D172D1036D100B32DA1 /* Data-CollectionTests */,
			);
			name = "Data-CollectionTests";
			packageProductDependencies = (
			);
			productName = "Data-CollectionTests";
			productReference = 26A86D142D1036D100B32DA1 /* Data-CollectionTests.xctest */;
			productType = "com.apple.product-type.bundle.unit-test";
		};
		26A86D1D2D1036D100B32DA1 /* Data-CollectionUITests */ = {
			isa = PBXNativeTarget;
			buildConfigurationList = 26A86D2F2D1036D100B32DA1 /* Build configuration list for PBXNativeTarget "Data-CollectionUITests" */;
			buildPhases = (
				26A86D1A2D1036D100B32DA1 /* Sources */,
				26A86D1B2D1036D100B32DA1 /* Frameworks */,
				26A86D1C2D1036D100B32DA1 /* Resources */,
			);
			buildRules = (
			);
			dependencies = (
				26A86D202D1036D100B32DA1 /* PBXTargetDependency */,
			);
			fileSystemSynchronizedGroups = (
				26A86D212D1036D100B32DA1 /* Data-CollectionUITests */,
			);
			name = "Data-CollectionUITests";
			packageProductDependencies = (
			);
			productName = "Data-CollectionUITests";
			productReference = 26A86D1E2D1036D100B32DA1 /* Data-CollectionUITests.xctest */;
			productType = "com.apple.product-type.bundle.ui-testing";
		};
/* End PBXNativeTarget section */

/* Begin PBXProject section */
		26A86CF82D1036CE00B32DA1 /* Project object */ = {
			isa = PBXProject;
			attributes = {
				BuildIndependentTargetsInParallel = 1;
				LastSwiftUpdateCheck = 1620;
				LastUpgradeCheck = 1620;
				TargetAttributes = {
					266BD0D32D133EA600975C55 = {
						CreatedOnToolsVersion = 16.2;
					};
					266BD0E42D133EAA00975C55 = {
						CreatedOnToolsVersion = 16.2;
						TestTargetID = 266BD0D32D133EA600975C55;
					};
					266BD0EE2D133EAA00975C55 = {
						CreatedOnToolsVersion = 16.2;
						TestTargetID = 266BD0D32D133EA600975C55;
					};
					26A86CFF2D1036CE00B32DA1 = {
						CreatedOnToolsVersion = 16.2;
					};
					26A86D132D1036D100B32DA1 = {
						CreatedOnToolsVersion = 16.2;
						TestTargetID = 26A86CFF2D1036CE00B32DA1;
					};
					26A86D1D2D1036D100B32DA1 = {
						CreatedOnToolsVersion = 16.2;
						TestTargetID = 26A86CFF2D1036CE00B32DA1;
					};
				};
			};
			buildConfigurationList = 26A86CFB2D1036CE00B32DA1 /* Build configuration list for PBXProject "Data-Collection" */;
			developmentRegion = en;
			hasScannedForEncodings = 0;
			knownRegions = (
				en,
				Base,
			);
			mainGroup = 26A86CF72D1036CE00B32DA1;
			minimizedProjectReferenceProxies = 1;
			packageReferences = (
				26939F582D107F6B00428C45 /* XCRemoteSwiftPackageReference "IOS-BLE-Library" */,
			);
			preferredProjectObjectVersion = 77;
			productRefGroup = 26A86D012D1036CE00B32DA1 /* Products */;
			projectDirPath = "";
			projectRoot = "";
			targets = (
				26A86CFF2D1036CE00B32DA1 /* Data-Collection */,
				26A86D132D1036D100B32DA1 /* Data-CollectionTests */,
				26A86D1D2D1036D100B32DA1 /* Data-CollectionUITests */,
				266BD0D32D133EA600975C55 /* Datacollection */,
				266BD0E42D133EAA00975C55 /* DatacollectionTests */,
				266BD0EE2D133EAA00975C55 /* DatacollectionUITests */,
			);
		};
/* End PBXProject section */

/* Begin PBXResourcesBuildPhase section */
		266BD0D22D133EA600975C55 /* Resources */ = {
			isa = PBXResourcesBuildPhase;
			buildActionMask = 2147483647;
			files = (
			);
			runOnlyForDeploymentPostprocessing = 0;
		};
		266BD0E32D133EAA00975C55 /* Resources */ = {
			isa = PBXResourcesBuildPhase;
			buildActionMask = 2147483647;
			files = (
			);
			runOnlyForDeploymentPostprocessing = 0;
		};
		266BD0ED2D133EAA00975C55 /* Resources */ = {
			isa = PBXResourcesBuildPhase;
			buildActionMask = 2147483647;
			files = (
			);
			runOnlyForDeploymentPostprocessing = 0;
		};
		26A86CFE2D1036CE00B32DA1 /* Resources */ = {
			isa = PBXResourcesBuildPhase;
			buildActionMask = 2147483647;
			files = (
			);
			runOnlyForDeploymentPostprocessing = 0;
		};
		26A86D122D1036D100B32DA1 /* Resources */ = {
			isa = PBXResourcesBuildPhase;
			buildActionMask = 2147483647;
			files = (
			);
			runOnlyForDeploymentPostprocessing = 0;
		};
		26A86D1C2D1036D100B32DA1 /* Resources */ = {
			isa = PBXResourcesBuildPhase;
			buildActionMask = 2147483647;
			files = (
			);
			runOnlyForDeploymentPostprocessing = 0;
		};
/* End PBXResourcesBuildPhase section */

/* Begin PBXSourcesBuildPhase section */
		266BD0D02D133EA600975C55 /* Sources */ = {
			isa = PBXSourcesBuildPhase;
			buildActionMask = 2147483647;
			files = (
			);
			runOnlyForDeploymentPostprocessing = 0;
		};
		266BD0E12D133EAA00975C55 /* Sources */ = {
			isa = PBXSourcesBuildPhase;
			buildActionMask = 2147483647;
			files = (
			);
			runOnlyForDeploymentPostprocessing = 0;
		};
		266BD0EB2D133EAA00975C55 /* Sources */ = {
			isa = PBXSourcesBuildPhase;
			buildActionMask = 2147483647;
			files = (
			);
			runOnlyForDeploymentPostprocessing = 0;
		};
		26A86CFC2D1036CE00B32DA1 /* Sources */ = {
			isa = PBXSourcesBuildPhase;
			buildActionMask = 2147483647;
			files = (
			);
			runOnlyForDeploymentPostprocessing = 0;
		};
		26A86D102D1036D100B32DA1 /* Sources */ = {
			isa = PBXSourcesBuildPhase;
			buildActionMask = 2147483647;
			files = (
			);
			runOnlyForDeploymentPostprocessing = 0;
		};
		26A86D1A2D1036D100B32DA1 /* Sources */ = {
			isa = PBXSourcesBuildPhase;
			buildActionMask = 2147483647;
			files = (
			);
			runOnlyForDeploymentPostprocessing = 0;
		};
/* End PBXSourcesBuildPhase section */

/* Begin PBXTargetDependency section */
		266BD0E72D133EAA00975C55 /* PBXTargetDependency */ = {
			isa = PBXTargetDependency;
			target = 266BD0D32D133EA600975C55 /* Datacollection */;
			targetProxy = 266BD0E62D133EAA00975C55 /* PBXContainerItemProxy */;
		};
		266BD0F12D133EAA00975C55 /* PBXTargetDependency */ = {
			isa = PBXTargetDependency;
			target = 266BD0D32D133EA600975C55 /* Datacollection */;
			targetProxy = 266BD0F02D133EAA00975C55 /* PBXContainerItemProxy */;
		};
		26A86D162D1036D100B32DA1 /* PBXTargetDependency */ = {
			isa = PBXTargetDependency;
			target = 26A86CFF2D1036CE00B32DA1 /* Data-Collection */;
			targetProxy = 26A86D152D1036D100B32DA1 /* PBXContainerItemProxy */;
		};
		26A86D202D1036D100B32DA1 /* PBXTargetDependency */ = {
			isa = PBXTargetDependency;
			target = 26A86CFF2D1036CE00B32DA1 /* Data-Collection */;
			targetProxy = 26A86D1F2D1036D100B32DA1 /* PBXContainerItemProxy */;
		};
/* End PBXTargetDependency section */

/* Begin XCBuildConfiguration section */
		266BD0F82D133EAA00975C55 /* Debug */ = {
			isa = XCBuildConfiguration;
			buildSettings = {
				ASSETCATALOG_COMPILER_APPICON_NAME = AppIcon;
				ASSETCATALOG_COMPILER_GLOBAL_ACCENT_COLOR_NAME = AccentColor;
				CODE_SIGN_STYLE = Automatic;
				CURRENT_PROJECT_VERSION = 1;
				DEVELOPMENT_ASSET_PATHS = "\"Datacollection/Preview Content\"";
				DEVELOPMENT_TEAM = 8H3B896Q88;
				ENABLE_PREVIEWS = YES;
				GENERATE_INFOPLIST_FILE = YES;
				INFOPLIST_KEY_UIApplicationSceneManifest_Generation = YES;
				INFOPLIST_KEY_UIApplicationSupportsIndirectInputEvents = YES;
				INFOPLIST_KEY_UILaunchScreen_Generation = YES;
				INFOPLIST_KEY_UISupportedInterfaceOrientations_iPad = "UIInterfaceOrientationPortrait UIInterfaceOrientationPortraitUpsideDown UIInterfaceOrientationLandscapeLeft UIInterfaceOrientationLandscapeRight";
				INFOPLIST_KEY_UISupportedInterfaceOrientations_iPhone = "UIInterfaceOrientationPortrait UIInterfaceOrientationLandscapeLeft UIInterfaceOrientationLandscapeRight";
				LD_RUNPATH_SEARCH_PATHS = (
					"$(inherited)",
					"@executable_path/Frameworks",
				);
				MARKETING_VERSION = 1.0;
				PRODUCT_BUNDLE_IDENTIFIER = com.shubhamattri.Datacollection;
				PRODUCT_NAME = "$(TARGET_NAME)";
				SWIFT_EMIT_LOC_STRINGS = YES;
				SWIFT_VERSION = 5.0;
				TARGETED_DEVICE_FAMILY = "1,2";
			};
			name = Debug;
		};
		266BD0F92D133EAA00975C55 /* Release */ = {
			isa = XCBuildConfiguration;
			buildSettings = {
				ASSETCATALOG_COMPILER_APPICON_NAME = AppIcon;
				ASSETCATALOG_COMPILER_GLOBAL_ACCENT_COLOR_NAME = AccentColor;
				CODE_SIGN_STYLE = Automatic;
				CURRENT_PROJECT_VERSION = 1;
				DEVELOPMENT_ASSET_PATHS = "\"Datacollection/Preview Content\"";
				DEVELOPMENT_TEAM = 8H3B896Q88;
				ENABLE_PREVIEWS = YES;
				GENERATE_INFOPLIST_FILE = YES;
				INFOPLIST_KEY_UIApplicationSceneManifest_Generation = YES;
				INFOPLIST_KEY_UIApplicationSupportsIndirectInputEvents = YES;
				INFOPLIST_KEY_UILaunchScreen_Generation = YES;
				INFOPLIST_KEY_UISupportedInterfaceOrientations_iPad = "UIInterfaceOrientationPortrait UIInterfaceOrientationPortraitUpsideDown UIInterfaceOrientationLandscapeLeft UIInterfaceOrientationLandscapeRight";
				INFOPLIST_KEY_UISupportedInterfaceOrientations_iPhone = "UIInterfaceOrientationPortrait UIInterfaceOrientationLandscapeLeft UIInterfaceOrientationLandscapeRight";
				LD_RUNPATH_SEARCH_PATHS = (
					"$(inherited)",
					"@executable_path/Frameworks",
				);
				MARKETING_VERSION = 1.0;
				PRODUCT_BUNDLE_IDENTIFIER = com.shubhamattri.Datacollection;
				PRODUCT_NAME = "$(TARGET_NAME)";
				SWIFT_EMIT_LOC_STRINGS = YES;
				SWIFT_VERSION = 5.0;
				TARGETED_DEVICE_FAMILY = "1,2";
			};
			name = Release;
		};
		266BD0FB2D133EAA00975C55 /* Debug */ = {
			isa = XCBuildConfiguration;
			buildSettings = {
				BUNDLE_LOADER = "$(TEST_HOST)";
				CODE_SIGN_STYLE = Automatic;
				CURRENT_PROJECT_VERSION = 1;
				DEVELOPMENT_TEAM = 8H3B896Q88;
				GENERATE_INFOPLIST_FILE = YES;
				IPHONEOS_DEPLOYMENT_TARGET = 18.2;
				MARKETING_VERSION = 1.0;
				PRODUCT_BUNDLE_IDENTIFIER = com.shubhamattri.DatacollectionTests;
				PRODUCT_NAME = "$(TARGET_NAME)";
				SWIFT_EMIT_LOC_STRINGS = NO;
				SWIFT_VERSION = 5.0;
				TARGETED_DEVICE_FAMILY = "1,2";
				TEST_HOST = "$(BUILT_PRODUCTS_DIR)/Datacollection.app/$(BUNDLE_EXECUTABLE_FOLDER_PATH)/Datacollection";
			};
			name = Debug;
		};
		266BD0FC2D133EAA00975C55 /* Release */ = {
			isa = XCBuildConfiguration;
			buildSettings = {
				BUNDLE_LOADER = "$(TEST_HOST)";
				CODE_SIGN_STYLE = Automatic;
				CURRENT_PROJECT_VERSION = 1;
				DEVELOPMENT_TEAM = 8H3B896Q88;
				GENERATE_INFOPLIST_FILE = YES;
				IPHONEOS_DEPLOYMENT_TARGET = 18.2;
				MARKETING_VERSION = 1.0;
				PRODUCT_BUNDLE_IDENTIFIER = com.shubhamattri.DatacollectionTests;
				PRODUCT_NAME = "$(TARGET_NAME)";
				SWIFT_EMIT_LOC_STRINGS = NO;
				SWIFT_VERSION = 5.0;
				TARGETED_DEVICE_FAMILY = "1,2";
				TEST_HOST = "$(BUILT_PRODUCTS_DIR)/Datacollection.app/$(BUNDLE_EXECUTABLE_FOLDER_PATH)/Datacollection";
			};
			name = Release;
		};
		266BD0FE2D133EAA00975C55 /* Debug */ = {
			isa = XCBuildConfiguration;
			buildSettings = {
				CODE_SIGN_STYLE = Automatic;
				CURRENT_PROJECT_VERSION = 1;
				DEVELOPMENT_TEAM = 8H3B896Q88;
				GENERATE_INFOPLIST_FILE = YES;
				MARKETING_VERSION = 1.0;
				PRODUCT_BUNDLE_IDENTIFIER = com.shubhamattri.DatacollectionUITests;
				PRODUCT_NAME = "$(TARGET_NAME)";
				SWIFT_EMIT_LOC_STRINGS = NO;
				SWIFT_VERSION = 5.0;
				TARGETED_DEVICE_FAMILY = "1,2";
				TEST_TARGET_NAME = Datacollection;
			};
			name = Debug;
		};
		266BD0FF2D133EAA00975C55 /* Release */ = {
			isa = XCBuildConfiguration;
			buildSettings = {
				CODE_SIGN_STYLE = Automatic;
				CURRENT_PROJECT_VERSION = 1;
				DEVELOPMENT_TEAM = 8H3B896Q88;
				GENERATE_INFOPLIST_FILE = YES;
				MARKETING_VERSION = 1.0;
				PRODUCT_BUNDLE_IDENTIFIER = com.shubhamattri.DatacollectionUITests;
				PRODUCT_NAME = "$(TARGET_NAME)";
				SWIFT_EMIT_LOC_STRINGS = NO;
				SWIFT_VERSION = 5.0;
				TARGETED_DEVICE_FAMILY = "1,2";
				TEST_TARGET_NAME = Datacollection;
			};
			name = Release;
		};
		26A86D282D1036D100B32DA1 /* Debug */ = {
			isa = XCBuildConfiguration;
			buildSettings = {
				ASSETCATALOG_COMPILER_APPICON_NAME = AppIcon;
				ASSETCATALOG_COMPILER_GLOBAL_ACCENT_COLOR_NAME = AccentColor;
				ASSETCATALOG_COMPILER_INCLUDE_ALL_APPICON_ASSETS = NO;
				CODE_SIGN_ENTITLEMENTS = "Data-Collection/Data_Collection.entitlements";
				CODE_SIGN_IDENTITY = "Apple Development";
				CODE_SIGN_STYLE = Automatic;
				CURRENT_PROJECT_VERSION = 1;
				DEVELOPMENT_ASSET_PATHS = "\"Data-Collection/Preview Content\"";
				DEVELOPMENT_TEAM = 8H3B896Q88;
				ENABLE_PREVIEWS = YES;
				GENERATE_INFOPLIST_FILE = YES;
				INFOPLIST_FILE = "Data-Collection/Info.plist";
				INFOPLIST_KEY_NSBluetoothAlwaysUsageDescription = "This app needs Bluetooth access to collect sensor data";
				INFOPLIST_KEY_NSBluetoothPeripheralUsageDescription = "This app needs Bluetooth access to collect sensor data";
				INFOPLIST_KEY_UIApplicationSceneManifest_Generation = YES;
				INFOPLIST_KEY_UIApplicationSupportsIndirectInputEvents = YES;
				INFOPLIST_KEY_UILaunchScreen_Generation = YES;
				INFOPLIST_KEY_UISupportedInterfaceOrientations_iPad = "UIInterfaceOrientationPortrait UIInterfaceOrientationPortraitUpsideDown UIInterfaceOrientationLandscapeLeft UIInterfaceOrientationLandscapeRight";
				INFOPLIST_KEY_UISupportedInterfaceOrientations_iPhone = "UIInterfaceOrientationPortrait UIInterfaceOrientationLandscapeLeft UIInterfaceOrientationLandscapeRight";
				LD_RUNPATH_SEARCH_PATHS = (
					"$(inherited)",
					"@executable_path/Frameworks",
				);
				MARKETING_VERSION = 1.0;
				PRODUCT_BUNDLE_IDENTIFIER = "com.shubhamattri.Data-Collection";
				PRODUCT_NAME = "$(TARGET_NAME)";
				PROVISIONING_PROFILE_SPECIFIER = "";
				SWIFT_EMIT_LOC_STRINGS = YES;
				SWIFT_VERSION = 5.0;
				TARGETED_DEVICE_FAMILY = "1,2";
			};
			name = Debug;
		};
		26A86D292D1036D100B32DA1 /* Release */ = {
			isa = XCBuildConfiguration;
			buildSettings = {
				ASSETCATALOG_COMPILER_APPICON_NAME = AppIcon;
				ASSETCATALOG_COMPILER_GLOBAL_ACCENT_COLOR_NAME = AccentColor;
				ASSETCATALOG_COMPILER_INCLUDE_ALL_APPICON_ASSETS = NO;
				CODE_SIGN_ENTITLEMENTS = "Data-Collection/Data_Collection.entitlements";
				CODE_SIGN_IDENTITY = "Apple Development";
				CODE_SIGN_STYLE = Automatic;
				CURRENT_PROJECT_VERSION = 1;
				DEVELOPMENT_ASSET_PATHS = "\"Data-Collection/Preview Content\"";
				DEVELOPMENT_TEAM = 8H3B896Q88;
				ENABLE_PREVIEWS = YES;
				GENERATE_INFOPLIST_FILE = YES;
				INFOPLIST_FILE = "Data-Collection/Info.plist";
				INFOPLIST_KEY_NSBluetoothAlwaysUsageDescription = "This app needs Bluetooth access to collect sensor data";
				INFOPLIST_KEY_NSBluetoothPeripheralUsageDescription = "This app needs Bluetooth access to collect sensor data";
				INFOPLIST_KEY_UIApplicationSceneManifest_Generation = YES;
				INFOPLIST_KEY_UIApplicationSupportsIndirectInputEvents = YES;
				INFOPLIST_KEY_UILaunchScreen_Generation = YES;
				INFOPLIST_KEY_UISupportedInterfaceOrientations_iPad = "UIInterfaceOrientationPortrait UIInterfaceOrientationPortraitUpsideDown UIInterfaceOrientationLandscapeLeft UIInterfaceOrientationLandscapeRight";
				INFOPLIST_KEY_UISupportedInterfaceOrientations_iPhone = "UIInterfaceOrientationPortrait UIInterfaceOrientationLandscapeLeft UIInterfaceOrientationLandscapeRight";
				LD_RUNPATH_SEARCH_PATHS = (
					"$(inherited)",
					"@executable_path/Frameworks",
				);
				MARKETING_VERSION = 1.0;
				PRODUCT_BUNDLE_IDENTIFIER = "com.shubhamattri.Data-Collection";
				PRODUCT_NAME = "$(TARGET_NAME)";
				PROVISIONING_PROFILE_SPECIFIER = "";
				SWIFT_EMIT_LOC_STRINGS = YES;
				SWIFT_VERSION = 5.0;
				TARGETED_DEVICE_FAMILY = "1,2";
			};
			name = Release;
		};
		26A86D2A2D1036D100B32DA1 /* Debug */ = {
			isa = XCBuildConfiguration;
			buildSettings = {
				ALWAYS_SEARCH_USER_PATHS = NO;
				ASSETCATALOG_COMPILER_GENERATE_SWIFT_ASSET_SYMBOL_EXTENSIONS = YES;
				CLANG_ANALYZER_NONNULL = YES;
				CLANG_ANALYZER_NUMBER_OBJECT_CONVERSION = YES_AGGRESSIVE;
				CLANG_CXX_LANGUAGE_STANDARD = "gnu++20";
				CLANG_ENABLE_MODULES = YES;
				CLANG_ENABLE_OBJC_ARC = YES;
				CLANG_ENABLE_OBJC_WEAK = YES;
				CLANG_WARN_BLOCK_CAPTURE_AUTORELEASING = YES;
				CLANG_WARN_BOOL_CONVERSION = YES;
				CLANG_WARN_COMMA = YES;
				CLANG_WARN_CONSTANT_CONVERSION = YES;
				CLANG_WARN_DEPRECATED_OBJC_IMPLEMENTATIONS = YES;
				CLANG_WARN_DIRECT_OBJC_ISA_USAGE = YES_ERROR;
				CLANG_WARN_DOCUMENTATION_COMMENTS = YES;
				CLANG_WARN_EMPTY_BODY = YES;
				CLANG_WARN_ENUM_CONVERSION = YES;
				CLANG_WARN_INFINITE_RECURSION = YES;
				CLANG_WARN_INT_CONVERSION = YES;
				CLANG_WARN_NON_LITERAL_NULL_CONVERSION = YES;
				CLANG_WARN_OBJC_IMPLICIT_RETAIN_SELF = YES;
				CLANG_WARN_OBJC_LITERAL_CONVERSION = YES;
				CLANG_WARN_OBJC_ROOT_CLASS = YES_ERROR;
				CLANG_WARN_QUOTED_INCLUDE_IN_FRAMEWORK_HEADER = YES;
				CLANG_WARN_RANGE_LOOP_ANALYSIS = YES;
				CLANG_WARN_STRICT_PROTOTYPES = YES;
				CLANG_WARN_SUSPICIOUS_MOVE = YES;
				CLANG_WARN_UNGUARDED_AVAILABILITY = YES_AGGRESSIVE;
				CLANG_WARN_UNREACHABLE_CODE = YES;
				CLANG_WARN__DUPLICATE_METHOD_MATCH = YES;
				COPY_PHASE_STRIP = NO;
				DEBUG_INFORMATION_FORMAT = dwarf;
				ENABLE_STRICT_OBJC_MSGSEND = YES;
				ENABLE_TESTABILITY = YES;
				ENABLE_USER_SCRIPT_SANDBOXING = YES;
				GCC_C_LANGUAGE_STANDARD = gnu17;
				GCC_DYNAMIC_NO_PIC = NO;
				GCC_NO_COMMON_BLOCKS = YES;
				GCC_OPTIMIZATION_LEVEL = 0;
				GCC_PREPROCESSOR_DEFINITIONS = (
					"DEBUG=1",
					"$(inherited)",
				);
				GCC_WARN_64_TO_32_BIT_CONVERSION = YES;
				GCC_WARN_ABOUT_RETURN_TYPE = YES_ERROR;
				GCC_WARN_UNDECLARED_SELECTOR = YES;
				GCC_WARN_UNINITIALIZED_AUTOS = YES_AGGRESSIVE;
				GCC_WARN_UNUSED_FUNCTION = YES;
				GCC_WARN_UNUSED_VARIABLE = YES;
				IPHONEOS_DEPLOYMENT_TARGET = 18.2;
				LOCALIZATION_PREFERS_STRING_CATALOGS = YES;
				MTL_ENABLE_DEBUG_INFO = INCLUDE_SOURCE;
				MTL_FAST_MATH = YES;
				ONLY_ACTIVE_ARCH = YES;
				SDKROOT = iphoneos;
				SWIFT_ACTIVE_COMPILATION_CONDITIONS = "DEBUG $(inherited)";
				SWIFT_OPTIMIZATION_LEVEL = "-Onone";
			};
			name = Debug;
		};
		26A86D2B2D1036D100B32DA1 /* Release */ = {
			isa = XCBuildConfiguration;
			buildSettings = {
				ALWAYS_SEARCH_USER_PATHS = NO;
				ASSETCATALOG_COMPILER_GENERATE_SWIFT_ASSET_SYMBOL_EXTENSIONS = YES;
				CLANG_ANALYZER_NONNULL = YES;
				CLANG_ANALYZER_NUMBER_OBJECT_CONVERSION = YES_AGGRESSIVE;
				CLANG_CXX_LANGUAGE_STANDARD = "gnu++20";
				CLANG_ENABLE_MODULES = YES;
				CLANG_ENABLE_OBJC_ARC = YES;
				CLANG_ENABLE_OBJC_WEAK = YES;
				CLANG_WARN_BLOCK_CAPTURE_AUTORELEASING = YES;
				CLANG_WARN_BOOL_CONVERSION = YES;
				CLANG_WARN_COMMA = YES;
				CLANG_WARN_CONSTANT_CONVERSION = YES;
				CLANG_WARN_DEPRECATED_OBJC_IMPLEMENTATIONS = YES;
				CLANG_WARN_DIRECT_OBJC_ISA_USAGE = YES_ERROR;
				CLANG_WARN_DOCUMENTATION_COMMENTS = YES;
				CLANG_WARN_EMPTY_BODY = YES;
				CLANG_WARN_ENUM_CONVERSION = YES;
				CLANG_WARN_INFINITE_RECURSION = YES;
				CLANG_WARN_INT_CONVERSION = YES;
				CLANG_WARN_NON_LITERAL_NULL_CONVERSION = YES;
				CLANG_WARN_OBJC_IMPLICIT_RETAIN_SELF = YES;
				CLANG_WARN_OBJC_LITERAL_CONVERSION = YES;
				CLANG_WARN_OBJC_ROOT_CLASS = YES_ERROR;
				CLANG_WARN_QUOTED_INCLUDE_IN_FRAMEWORK_HEADER = YES;
				CLANG_WARN_RANGE_LOOP_ANALYSIS = YES;
				CLANG_WARN_STRICT_PROTOTYPES = YES;
				CLANG_WARN_SUSPICIOUS_MOVE = YES;
				CLANG_WARN_UNGUARDED_AVAILABILITY = YES_AGGRESSIVE;
				CLANG_WARN_UNREACHABLE_CODE = YES;
				CLANG_WARN__DUPLICATE_METHOD_MATCH = YES;
				COPY_PHASE_STRIP = NO;
				DEBUG_INFORMATION_FORMAT = "dwarf-with-dsym";
				ENABLE_NS_ASSERTIONS = NO;
				ENABLE_STRICT_OBJC_MSGSEND = YES;
				ENABLE_USER_SCRIPT_SANDBOXING = YES;
				GCC_C_LANGUAGE_STANDARD = gnu17;
				GCC_NO_COMMON_BLOCKS = YES;
				GCC_WARN_64_TO_32_BIT_CONVERSION = YES;
				GCC_WARN_ABOUT_RETURN_TYPE = YES_ERROR;
				GCC_WARN_UNDECLARED_SELECTOR = YES;
				GCC_WARN_UNINITIALIZED_AUTOS = YES_AGGRESSIVE;
				GCC_WARN_UNUSED_FUNCTION = YES;
				GCC_WARN_UNUSED_VARIABLE = YES;
				IPHONEOS_DEPLOYMENT_TARGET = 18.2;
				LOCALIZATION_PREFERS_STRING_CATALOGS = YES;
				MTL_ENABLE_DEBUG_INFO = NO;
				MTL_FAST_MATH = YES;
				SDKROOT = iphoneos;
				SWIFT_COMPILATION_MODE = wholemodule;
				VALIDATE_PRODUCT = YES;
			};
			name = Release;
		};
		26A86D2D2D1036D100B32DA1 /* Debug */ = {
			isa = XCBuildConfiguration;
			buildSettings = {
				BUNDLE_LOADER = "$(TEST_HOST)";
				CODE_SIGN_STYLE = Automatic;
				CURRENT_PROJECT_VERSION = 1;
				DEVELOPMENT_TEAM = 8H3B896Q88;
				GENERATE_INFOPLIST_FILE = YES;
				IPHONEOS_DEPLOYMENT_TARGET = 18.2;
				MARKETING_VERSION = 1.0;
				PRODUCT_BUNDLE_IDENTIFIER = "Non-Invasive-GM.Data-CollectionTests";
				PRODUCT_NAME = "$(TARGET_NAME)";
				SWIFT_EMIT_LOC_STRINGS = NO;
				SWIFT_VERSION = 5.0;
				TARGETED_DEVICE_FAMILY = "1,2";
				TEST_HOST = "$(BUILT_PRODUCTS_DIR)/Data-Collection.app/$(BUNDLE_EXECUTABLE_FOLDER_PATH)/Data-Collection";
			};
			name = Debug;
		};
		26A86D2E2D1036D100B32DA1 /* Release */ = {
			isa = XCBuildConfiguration;
			buildSettings = {
				BUNDLE_LOADER = "$(TEST_HOST)";
				CODE_SIGN_STYLE = Automatic;
				CURRENT_PROJECT_VERSION = 1;
				DEVELOPMENT_TEAM = 8H3B896Q88;
				GENERATE_INFOPLIST_FILE = YES;
				IPHONEOS_DEPLOYMENT_TARGET = 18.2;
				MARKETING_VERSION = 1.0;
				PRODUCT_BUNDLE_IDENTIFIER = "Non-Invasive-GM.Data-CollectionTests";
				PRODUCT_NAME = "$(TARGET_NAME)";
				SWIFT_EMIT_LOC_STRINGS = NO;
				SWIFT_VERSION = 5.0;
				TARGETED_DEVICE_FAMILY = "1,2";
				TEST_HOST = "$(BUILT_PRODUCTS_DIR)/Data-Collection.app/$(BUNDLE_EXECUTABLE_FOLDER_PATH)/Data-Collection";
			};
			name = Release;
		};
		26A86D302D1036D100B32DA1 /* Debug */ = {
			isa = XCBuildConfiguration;
			buildSettings = {
				CODE_SIGN_STYLE = Automatic;
				CURRENT_PROJECT_VERSION = 1;
				DEVELOPMENT_TEAM = 8H3B896Q88;
				GENERATE_INFOPLIST_FILE = YES;
				MARKETING_VERSION = 1.0;
				PRODUCT_BUNDLE_IDENTIFIER = "Non-Invasive-GM.Data-CollectionUITests";
				PRODUCT_NAME = "$(TARGET_NAME)";
				SWIFT_EMIT_LOC_STRINGS = NO;
				SWIFT_VERSION = 5.0;
				TARGETED_DEVICE_FAMILY = "1,2";
				TEST_TARGET_NAME = "Data-Collection";
			};
			name = Debug;
		};
		26A86D312D1036D100B32DA1 /* Release */ = {
			isa = XCBuildConfiguration;
			buildSettings = {
				CODE_SIGN_STYLE = Automatic;
				CURRENT_PROJECT_VERSION = 1;
				DEVELOPMENT_TEAM = 8H3B896Q88;
				GENERATE_INFOPLIST_FILE = YES;
				MARKETING_VERSION = 1.0;
				PRODUCT_BUNDLE_IDENTIFIER = "Non-Invasive-GM.Data-CollectionUITests";
				PRODUCT_NAME = "$(TARGET_NAME)";
				SWIFT_EMIT_LOC_STRINGS = NO;
				SWIFT_VERSION = 5.0;
				TARGETED_DEVICE_FAMILY = "1,2";
				TEST_TARGET_NAME = "Data-Collection";
			};
			name = Release;
		};
/* End XCBuildConfiguration section */

/* Begin XCConfigurationList section */
		266BD0F72D133EAA00975C55 /* Build configuration list for PBXNativeTarget "Datacollection" */ = {
			isa = XCConfigurationList;
			buildConfigurations = (
				266BD0F82D133EAA00975C55 /* Debug */,
				266BD0F92D133EAA00975C55 /* Release */,
			);
			defaultConfigurationIsVisible = 0;
			defaultConfigurationName = Release;
		};
		266BD0FA2D133EAA00975C55 /* Build configuration list for PBXNativeTarget "DatacollectionTests" */ = {
			isa = XCConfigurationList;
			buildConfigurations = (
				266BD0FB2D133EAA00975C55 /* Debug */,
				266BD0FC2D133EAA00975C55 /* Release */,
			);
			defaultConfigurationIsVisible = 0;
			defaultConfigurationName = Release;
		};
		266BD0FD2D133EAA00975C55 /* Build configuration list for PBXNativeTarget "DatacollectionUITests" */ = {
			isa = XCConfigurationList;
			buildConfigurations = (
				266BD0FE2D133EAA00975C55 /* Debug */,
				266BD0FF2D133EAA00975C55 /* Release */,
			);
			defaultConfigurationIsVisible = 0;
			defaultConfigurationName = Release;
		};
		26A86CFB2D1036CE00B32DA1 /* Build configuration list for PBXProject "Data-Collection" */ = {
			isa = XCConfigurationList;
			buildConfigurations = (
				26A86D2A2D1036D100B32DA1 /* Debug */,
				26A86D2B2D1036D100B32DA1 /* Release */,
			);
			defaultConfigurationIsVisible = 0;
			defaultConfigurationName = Release;
		};
		26A86D272D1036D100B32DA1 /* Build configuration list for PBXNativeTarget "Data-Collection" */ = {
			isa = XCConfigurationList;
			buildConfigurations = (
				26A86D282D1036D100B32DA1 /* Debug */,
				26A86D292D1036D100B32DA1 /* Release */,
			);
			defaultConfigurationIsVisible = 0;
			defaultConfigurationName = Release;
		};
		26A86D2C2D1036D100B32DA1 /* Build configuration list for PBXNativeTarget "Data-CollectionTests" */ = {
			isa = XCConfigurationList;
			buildConfigurations = (
				26A86D2D2D1036D100B32DA1 /* Debug */,
				26A86D2E2D1036D100B32DA1 /* Release */,
			);
			defaultConfigurationIsVisible = 0;
			defaultConfigurationName = Release;
		};
		26A86D2F2D1036D100B32DA1 /* Build configuration list for PBXNativeTarget "Data-CollectionUITests" */ = {
			isa = XCConfigurationList;
			buildConfigurations = (
				26A86D302D1036D100B32DA1 /* Debug */,
				26A86D312D1036D100B32DA1 /* Release */,
			);
			defaultConfigurationIsVisible = 0;
			defaultConfigurationName = Release;
		};
/* End XCConfigurationList section */

/* Begin XCRemoteSwiftPackageReference section */
		26939F582D107F6B00428C45 /* XCRemoteSwiftPackageReference "IOS-BLE-Library" */ = {
			isa = XCRemoteSwiftPackageReference;
			repositoryURL = "https://github.com/NordicSemiconductor/IOS-BLE-Library.git";
			requirement = {
				kind = upToNextMajorVersion;
				minimumVersion = 0.3.3;
			};
		};
/* End XCRemoteSwiftPackageReference section */

/* Begin XCSwiftPackageProductDependency section */
		26939F592D10800200428C45 /* iOS-BLE-Library */ = {
			isa = XCSwiftPackageProductDependency;
			package = 26939F582D107F6B00428C45 /* XCRemoteSwiftPackageReference "IOS-BLE-Library" */;
			productName = "iOS-BLE-Library";
		};
		26939F5B2D10800200428C45 /* iOS-BLE-Library-Mock */ = {
			isa = XCSwiftPackageProductDependency;
			package = 26939F582D107F6B00428C45 /* XCRemoteSwiftPackageReference "IOS-BLE-Library" */;
			productName = "iOS-BLE-Library-Mock";
		};
/* End XCSwiftPackageProductDependency section */
	};
	rootObject = 26A86CF82D1036CE00B32DA1 /* Project object */;
}
